
Microsoft Visual Studio Solution File, Format Version 11.00
# Visual Studio 2010
Project("{FAE04EC0-301F-11D3-BF4B-00C04F79EFBC}") = "SampleMVCforMonoTouch", "SampleMVCforMonoTouch\SampleMVCforMonoTouch.csproj", "{55DF3D8E-30D6-4ED8-B92C-5D863D897E80}"
EndProject
Global
	GlobalSection(SolutionConfigurationPlatforms) = preSolution
		Debug|iPhoneSimulator = Debug|iPhoneSimulator
		Release|iPhoneSimulator = Release|iPhoneSimulator
		Debug|iPhone = Debug|iPhone
		Release|iPhone = Release|iPhone
		Ad-Hoc|iPhone = Ad-Hoc|iPhone
		AppStore|iPhone = AppStore|iPhone
	EndGlobalSection
	GlobalSection(ProjectConfigurationPlatforms) = postSolution
		{55DF3D8E-30D6-4ED8-B92C-5D863D897E80}.Ad-Hoc|iPhone.ActiveCfg = Ad-Hoc|iPhone
		{55DF3D8E-30D6-4ED8-B92C-5D863D897E80}.Ad-Hoc|iPhone.Build.0 = Ad-Hoc|iPhone
		{55DF3D8E-30D6-4ED8-B92C-5D863D897E80}.AppStore|iPhone.ActiveCfg = AppStore|iPhone
		{55DF3D8E-30D6-4ED8-B92C-5D863D897E80}.AppStore|iPhone.Build.0 = AppStore|iPhone
		{55DF3D8E-30D6-4ED8-B92C-5D863D897E80}.Debug|iPhone.ActiveCfg = Debug|iPhone
		{55DF3D8E-30D6-4ED8-B92C-5D863D897E80}.Debug|iPhone.Build.0 = Debug|iPhone
		{55DF3D8E-30D6-4ED8-B92C-5D863D897E80}.Debug|iPhoneSimulator.ActiveCfg = Debug|iPhoneSimulator
		{55DF3D8E-30D6-4ED8-B92C-5D863D897E80}.Debug|iPhoneSimulator.Build.0 = Debug|iPhoneSimulator
		{55DF3D8E-30D6-4ED8-B92C-5D863D897E80}.Release|iPhone.ActiveCfg = Release|iPhone
		{55DF3D8E-30D6-4ED8-B92C-5D863D897E80}.Release|iPhone.Build.0 = Release|iPhone
		{55DF3D8E-30D6-4ED8-B92C-5D863D897E80}.Release|iPhoneSimulator.ActiveCfg = Release|iPhoneSimulator
		{55DF3D8E-30D6-4ED8-B92C-5D863D897E80}.Release|iPhoneSimulator.Build.0 = Release|iPhoneSimulator
	EndGlobalSection
	GlobalSection(MonoDevelopProperties) = preSolution
		StartupItem = SampleMVCforMonoTouch\SampleMVCforMonoTouch.csproj
	EndGlobalSection
EndGlobal
